// !$*UTF8*$!
{
	archiveVersion = 1;
	classes = {
	};
	objectVersion = 46;
	objects = {

/* Begin PBXBuildFile section */
		0417CFA22201E42000CD987F /* AppDelegate.swift in Sources */ = {isa = PBXBuildFile; fileRef = 0417CFA12201E42000CD987F /* AppDelegate.swift */; };
		0417CFA42201E42000CD987F /* ViewController.swift in Sources */ = {isa = PBXBuildFile; fileRef = 0417CFA32201E42000CD987F /* ViewController.swift */; };
		0417CFA72201E42000CD987F /* Main.storyboard in Resources */ = {isa = PBXBuildFile; fileRef = 0417CFA52201E42000CD987F /* Main.storyboard */; };
		0417CFA92201E42000CD987F /* Assets.xcassets in Resources */ = {isa = PBXBuildFile; fileRef = 0417CFA82201E42000CD987F /* Assets.xcassets */; };
		0417CFAC2201E42000CD987F /* LaunchScreen.storyboard in Resources */ = {isa = PBXBuildFile; fileRef = 0417CFAA2201E42000CD987F /* LaunchScreen.storyboard */; };
		0417CFB52201E74000CD987F /* 1.jpg in Resources */ = {isa = PBXBuildFile; fileRef = 0417CFB42201E74000CD987F /* 1.jpg */; };
		0417CFB72201EB9E00CD987F /* hinhnen.png in Resources */ = {isa = PBXBuildFile; fileRef = 0417CFB62201EB9E00CD987F /* hinhnen.png */; };
		0417CFB92201F01700CD987F /* bau.png in Resources */ = {isa = PBXBuildFile; fileRef = 0417CFB82201F01700CD987F /* bau.png */; };
		0417CFBB2201F02600CD987F /* ca.png in Resources */ = {isa = PBXBuildFile; fileRef = 0417CFBA2201F02600CD987F /* ca.png */; };
		0417CFBD2201F02D00CD987F /* cua.jpg in Resources */ = {isa = PBXBuildFile; fileRef = 0417CFBC2201F02D00CD987F /* cua.jpg */; };
		0417CFBF2201F03400CD987F /* ga.jpg in Resources */ = {isa = PBXBuildFile; fileRef = 0417CFBE2201F03400CD987F /* ga.jpg */; };
		0417CFC12201F03A00CD987F /* huu.png in Resources */ = {isa = PBXBuildFile; fileRef = 0417CFC02201F03A00CD987F /* huu.png */; };
		0417CFC32201F04000CD987F /* tom.png in Resources */ = {isa = PBXBuildFile; fileRef = 0417CFC22201F04000CD987F /* tom.png */; };
/* End PBXBuildFile section */

/* Begin PBXFileReference section */
		0417CF9E2201E42000CD987F /* bau_cua_tom_ca_again_2.app */ = {isa = PBXFileReference; explicitFileType = wrapper.application; includeInIndex = 0; path = bau_cua_tom_ca_again_2.app; sourceTree = BUILT_PRODUCTS_DIR; };
		0417CFA12201E42000CD987F /* AppDelegate.swift */ = {isa = PBXFileReference; lastKnownFileType = sourcecode.swift; path = AppDelegate.swift; sourceTree = "<group>"; };
		0417CFA32201E42000CD987F /* ViewController.swift */ = {isa = PBXFileReference; lastKnownFileType = sourcecode.swift; path = ViewController.swift; sourceTree = "<group>"; };
		0417CFA62201E42000CD987F /* Base */ = {isa = PBXFileReference; lastKnownFileType = file.storyboard; name = Base; path = Base.lproj/Main.storyboard; sourceTree = "<group>"; };
		0417CFA82201E42000CD987F /* Assets.xcassets */ = {isa = PBXFileReference; lastKnownFileType = folder.assetcatalog; path = Assets.xcassets; sourceTree = "<group>"; };
		0417CFAB2201E42000CD987F /* Base */ = {isa = PBXFileReference; lastKnownFileType = file.storyboard; name = Base; path = Base.lproj/LaunchScreen.storyboard; sourceTree = "<group>"; };
		0417CFAD2201E42000CD987F /* Info.plist */ = {isa = PBXFileReference; lastKnownFileType = text.plist.xml; path = Info.plist; sourceTree = "<group>"; };
		0417CFB42201E74000CD987F /* 1.jpg */ = {isa = PBXFileReference; lastKnownFileType = image.jpeg; path = 1.jpg; sourceTree = "<group>"; };
		0417CFB62201EB9E00CD987F /* hinhnen.png */ = {isa = PBXFileReference; lastKnownFileType = image.png; path = hinhnen.png; sourceTree = "<group>"; };
		0417CFB82201F01700CD987F /* bau.png */ = {isa = PBXFileReference; lastKnownFileType = image.png; path = bau.png; sourceTree = "<group>"; };
		0417CFBA2201F02600CD987F /* ca.png */ = {isa = PBXFileReference; lastKnownFileType = image.png; path = ca.png; sourceTree = "<group>"; };
		0417CFBC2201F02D00CD987F /* cua.jpg */ = {isa = PBXFileReference; lastKnownFileType = image.jpeg; path = cua.jpg; sourceTree = "<group>"; };
		0417CFBE2201F03400CD987F /* ga.jpg */ = {isa = PBXFileReference; lastKnownFileType = image.jpeg; path = ga.jpg; sourceTree = "<group>"; };
		0417CFC02201F03A00CD987F /* huu.png */ = {isa = PBXFileReference; lastKnownFileType = image.png; path = huu.png; sourceTree = "<group>"; };
		0417CFC22201F04000CD987F /* tom.png */ = {isa = PBXFileReference; lastKnownFileType = image.png; path = tom.png; sourceTree = "<group>"; };
/* End PBXFileReference section */

/* Begin PBXFrameworksBuildPhase section */
		0417CF9B2201E42000CD987F /* Frameworks */ = {
			isa = PBXFrameworksBuildPhase;
			buildActionMask = 2147483647;
			files = (
			);
			runOnlyForDeploymentPostprocessing = 0;
		};
/* End PBXFrameworksBuildPhase section */

/* Begin PBXGroup section */
		0417CF952201E42000CD987F = {
			isa = PBXGroup;
			children = (
				0417CFA02201E42000CD987F /* bau_cua_tom_ca_again_2 */,
				0417CF9F2201E42000CD987F /* Products */,
			);
			sourceTree = "<group>";
		};
		0417CF9F2201E42000CD987F /* Products */ = {
			isa = PBXGroup;
			children = (
				0417CF9E2201E42000CD987F /* bau_cua_tom_ca_again_2.app */,
			);
			name = Products;
			sourceTree = "<group>";
		};
		0417CFA02201E42000CD987F /* bau_cua_tom_ca_again_2 */ = {
			isa = PBXGroup;
			children = (
				0417CFB32201E5C700CD987F /* image */,
				0417CFA12201E42000CD987F /* AppDelegate.swift */,
				0417CFA32201E42000CD987F /* ViewController.swift */,
				0417CFA52201E42000CD987F /* Main.storyboard */,
				0417CFA82201E42000CD987F /* Assets.xcassets */,
				0417CFAA2201E42000CD987F /* LaunchScreen.storyboard */,
				0417CFAD2201E42000CD987F /* Info.plist */,
			);
			path = bau_cua_tom_ca_again_2;
			sourceTree = "<group>";
		};
		0417CFB32201E5C700CD987F /* image */ = {
			isa = PBXGroup;
			children = (
				0417CFB62201EB9E00CD987F /* hinhnen.png */,
				0417CFB82201F01700CD987F /* bau.png */,
				0417CFBE2201F03400CD987F /* ga.jpg */,
				0417CFC02201F03A00CD987F /* huu.png */,
				0417CFBA2201F02600CD987F /* ca.png */,
				0417CFBC2201F02D00CD987F /* cua.jpg */,
				0417CFC22201F04000CD987F /* tom.png */,
				0417CFB42201E74000CD987F /* 1.jpg */,
			);
			name = image;
			sourceTree = "<group>";
		};
/* End PBXGroup section */

/* Begin PBXNativeTarget section */
		0417CF9D2201E42000CD987F /* bau_cua_tom_ca_again_2 */ = {
			isa = PBXNativeTarget;
			buildConfigurationList = 0417CFB02201E42000CD987F /* Build configuration list for PBXNativeTarget "bau_cua_tom_ca_again_2" */;
			buildPhases = (
				0417CF9A2201E42000CD987F /* Sources */,
				0417CF9B2201E42000CD987F /* Frameworks */,
				0417CF9C2201E42000CD987F /* Resources */,
			);
			buildRules = (
			);
			dependencies = (
			);
			name = bau_cua_tom_ca_again_2;
			productName = bau_cua_tom_ca_again_2;
			productReference = 0417CF9E2201E42000CD987F /* bau_cua_tom_ca_again_2.app */;
			productType = "com.apple.product-type.application";
		};
/* End PBXNativeTarget section */

/* Begin PBXProject section */
		0417CF962201E42000CD987F /* Project object */ = {
			isa = PBXProject;
			attributes = {
				LastSwiftUpdateCheck = 0730;
				LastUpgradeCheck = 0730;
				ORGANIZATIONNAME = mac;
				TargetAttributes = {
					0417CF9D2201E42000CD987F = {
						CreatedOnToolsVersion = 7.3.1;
						DevelopmentTeam = QSQ8N6LQ4P;
					};
				};
			};
			buildConfigurationList = 0417CF992201E42000CD987F /* Build configuration list for PBXProject "bau_cua_tom_ca_again_2" */;
			compatibilityVersion = "Xcode 3.2";
			developmentRegion = English;
			hasScannedForEncodings = 0;
			knownRegions = (
				en,
				Base,
			);
			mainGroup = 0417CF952201E42000CD987F;
			productRefGroup = 0417CF9F2201E42000CD987F /* Products */;
			projectDirPath = "";
			projectRoot = "";
			targets = (
				0417CF9D2201E42000CD987F /* bau_cua_tom_ca_again_2 */,
			);
		};
/* End PBXProject section */

/* Begin PBXResourcesBuildPhase section */
		0417CF9C2201E42000CD987F /* Resources */ = {
			isa = PBXResourcesBuildPhase;
			buildActionMask = 2147483647;
			files = (
				0417CFBF2201F03400CD987F /* ga.jpg in Resources */,
				0417CFBB2201F02600CD987F /* ca.png in Resources */,
				0417CFB92201F01700CD987F /* bau.png in Resources */,
				0417CFAC2201E42000CD987F /* LaunchScreen.storyboard in Resources */,
				0417CFC12201F03A00CD987F /* huu.png in Resources */,
				0417CFC32201F04000CD987F /* tom.png in Resources */,
				0417CFB52201E74000CD987F /* 1.jpg in Resources */,
				0417CFA92201E42000CD987F /* Assets.xcassets in Resources */,
				0417CFB72201EB9E00CD987F /* hinhnen.png in Resources */,
				0417CFA72201E42000CD987F /* Main.storyboard in Resources */,
				0417CFBD2201F02D00CD987F /* cua.jpg in Resources */,
			);
			runOnlyForDeploymentPostprocessing = 0;
		};
/* End PBXResourcesBuildPhase section */

/* Begin PBXSourcesBuildPhase section */
		0417CF9A2201E42000CD987F /* Sources */ = {
			isa = PBXSourcesBuildPhase;
			buildActionMask = 2147483647;
			files = (
				0417CFA42201E42000CD987F /* ViewController.swift in Sources */,
				0417CFA22201E42000CD987F /* AppDelegate.swift in Sources */,
			);
			runOnlyForDeploymentPostprocessing = 0;
		};
/* End PBXSourcesBuildPhase section */

/* Begin PBXVariantGroup section */
		0417CFA52201E42000CD987F /* Main.storyboard */ = {
			isa = PBXVariantGroup;
			children = (
				0417CFA62201E42000CD987F /* Base */,
			);
			name = Main.storyboard;
			sourceTree = "<group>";
		};
		0417CFAA2201E42000CD987F /* LaunchScreen.storyboard */ = {
			isa = PBXVariantGroup;
			children = (
				0417CFAB2201E42000CD987F /* Base */,
			);
			name = LaunchScreen.storyboard;
			sourceTree = "<group>";
		};
/* End PBXVariantGroup section */

/* Begin XCBuildConfiguration section */
		0417CFAE2201E42000CD987F /* Debug */ = {
			isa = XCBuildConfiguration;
			buildSettings = {
				ALWAYS_SEARCH_USER_PATHS = NO;
				CLANG_ANALYZER_NONNULL = YES;
				CLANG_CXX_LANGUAGE_STANDARD = "gnu++0x";
				CLANG_CXX_LIBRARY = "libc++";
				CLANG_ENABLE_MODULES = YES;
				CLANG_ENABLE_OBJC_ARC = YES;
				CLANG_WARN_BOOL_CONVERSION = YES;
				CLANG_WARN_CONSTANT_CONVERSION = YES;
				CLANG_WARN_DIRECT_OBJC_ISA_USAGE = YES_ERROR;
				CLANG_WARN_EMPTY_BODY = YES;
				CLANG_WARN_ENUM_CONVERSION = YES;
				CLANG_WARN_INT_CONVERSION = YES;
				CLANG_WARN_OBJC_ROOT_CLASS = YES_ERROR;
				CLANG_WARN_UNREACHABLE_CODE = YES;
				CLANG_WARN__DUPLICATE_METHOD_MATCH = YES;
				"CODE_SIGN_IDENTITY[sdk=iphoneos*]" = "iPhone Developer";
				COPY_PHASE_STRIP = NO;
				DEBUG_INFORMATION_FORMAT = dwarf;
				ENABLE_STRICT_OBJC_MSGSEND = YES;
				ENABLE_TESTABILITY = YES;
				GCC_C_LANGUAGE_STANDARD = gnu99;
				GCC_DYNAMIC_NO_PIC = NO;
				GCC_NO_COMMON_BLOCKS = YES;
				GCC_OPTIMIZATION_LEVEL = 0;
				GCC_PREPROCESSOR_DEFINITIONS = (
					"DEBUG=1",
					"$(inherited)",
				);
				GCC_WARN_64_TO_32_BIT_CONVERSION = YES;
				GCC_WARN_ABOUT_RETURN_TYPE = YES_ERROR;
				GCC_WARN_UNDECLARED_SELECTOR = YES;
				GCC_WARN_UNINITIALIZED_AUTOS = YES_AGGRESSIVE;
				GCC_WARN_UNUSED_FUNCTION = YES;
				GCC_WARN_UNUSED_VARIABLE = YES;
				IPHONEOS_DEPLOYMENT_TARGET = 9.3;
				MTL_ENABLE_DEBUG_INFO = YES;
				ONLY_ACTIVE_ARCH = YES;
				SDKROOT = iphoneos;
				SWIFT_OPTIMIZATION_LEVEL = "-Onone";
			};
			name = Debug;
		};
		0417CFAF2201E42000CD987F /* Release */ = {
			isa = XCBuildConfiguration;
			buildSettings = {
				ALWAYS_SEARCH_USER_PATHS = NO;
				CLANG_ANALYZER_NONNULL = YES;
				CLANG_CXX_LANGUAGE_STANDARD = "gnu++0x";
				CLANG_CXX_LIBRARY = "libc++";
				CLANG_ENABLE_MODULES = YES;
				CLANG_ENABLE_OBJC_ARC = YES;
				CLANG_WARN_BOOL_CONVERSION = YES;
				CLANG_WARN_CONSTANT_CONVERSION = YES;
				CLANG_WARN_DIRECT_OBJC_ISA_USAGE = YES_ERROR;
				CLANG_WARN_EMPTY_BODY = YES;
				CLANG_WARN_ENUM_CONVERSION = YES;
				CLANG_WARN_INT_CONVERSION = YES;
				CLANG_WARN_OBJC_ROOT_CLASS = YES_ERROR;
				CLANG_WARN_UNREACHABLE_CODE = YES;
				CLANG_WARN__DUPLICATE_METHOD_MATCH = YES;
				"CODE_SIGN_IDENTITY[sdk=iphoneos*]" = "iPhone Developer";
				COPY_PHASE_STRIP = NO;
				DEBUG_INFORMATION_FORMAT = "dwarf-with-dsym";
				ENABLE_NS_ASSERTIONS = NO;
				ENABLE_STRICT_OBJC_MSGSEND = YES;
				GCC_C_LANGUAGE_STANDARD = gnu99;
				GCC_NO_COMMON_BLOCKS = YES;
				GCC_WARN_64_TO_32_BIT_CONVERSION = YES;
				GCC_WARN_ABOUT_RETURN_TYPE = YES_ERROR;
				GCC_WARN_UNDECLARED_SELECTOR = YES;
				GCC_WARN_UNINITIALIZED_AUTOS = YES_AGGRESSIVE;
				GCC_WARN_UNUSED_FUNCTION = YES;
				GCC_WARN_UNUSED_VARIABLE = YES;
				IPHONEOS_DEPLOYMENT_TARGET = 9.3;
				MTL_ENABLE_DEBUG_INFO = NO;
				SDKROOT = iphoneos;
				VALIDATE_PRODUCT = YES;
			};
			name = Release;
		};
		0417CFB12201E42000CD987F /* Debug */ = {
			isa = XCBuildConfiguration;
			buildSettings = {
				ASSETCATALOG_COMPILER_APPICON_NAME = AppIcon;
				CODE_SIGN_IDENTITY = "iPhone Developer";
				"CODE_SIGN_IDENTITY[sdk=iphoneos*]" = "iPhone Developer";
				INFOPLIST_FILE = bau_cua_tom_ca_again_2/Info.plist;
				LD_RUNPATH_SEARCH_PATHS = "$(inherited) @executable_path/Frameworks";
				PRODUCT_BUNDLE_IDENTIFIER = "abc.bau-cua-tom-ca-again-2";
				PRODUCT_NAME = "$(TARGET_NAME)";
				PROVISIONING_PROFILE = "";
			};
			name = Debug;
		};
		0417CFB22201E42000CD987F /* Release */ = {
			isa = XCBuildConfiguration;
			buildSettings = {
				ASSETCATALOG_COMPILER_APPICON_NAME = AppIcon;
				CODE_SIGN_IDENTITY = "iPhone Developer";
				"CODE_SIGN_IDENTITY[sdk=iphoneos*]" = "iPhone Developer";
				INFOPLIST_FILE = bau_cua_tom_ca_again_2/Info.plist;
				LD_RUNPATH_SEARCH_PATHS = "$(inherited) @executable_path/Frameworks";
				PRODUCT_BUNDLE_IDENTIFIER = "abc.bau-cua-tom-ca-again-2";
				PRODUCT_NAME = "$(TARGET_NAME)";
				PROVISIONING_PROFILE = "";
			};
			name = Release;
		};
/* End XCBuildConfiguration section */

/* Begin XCConfigurationList section */
		0417CF992201E42000CD987F /* Build configuration list for PBXProject "bau_cua_tom_ca_again_2" */ = {
			isa = XCConfigurationList;
			buildConfigurations = (
				0417CFAE2201E42000CD987F /* Debug */,
				0417CFAF2201E42000CD987F /* Release */,
			);
			defaultConfigurationIsVisible = 0;
			defaultConfigurationName = Release;
		};
		0417CFB02201E42000CD987F /* Build configuration list for PBXNativeTarget "bau_cua_tom_ca_again_2" */ = {
			isa = XCConfigurationList;
			buildConfigurations = (
				0417CFB12201E42000CD987F /* Debug */,
				0417CFB22201E42000CD987F /* Release */,
			);
			defaultConfigurationIsVisible = 0;
		};
/* End XCConfigurationList section */
	};
	rootObject = 0417CF962201E42000CD987F /* Project object */;
}
